
Microsoft Visual Studio Solution File, Format Version 12.00
Project("{2150E333-8FDC-42A3-9474-1A3956D46DE8}") = "Services", "Services", "{61F331BD-FA3D-4EFC-9283-148A773B46F8}"
EndProject
Project("{2150E333-8FDC-42A3-9474-1A3956D46DE8}") = "Reservation", "Reservation", "{80FE4BEF-B19F-49D9-B2DF-01438970C46C}"
EndProject
Project("{FAE04EC0-301F-11D3-BF4B-00C04F79EFBC}") = "SystemCase.Application", "SystemCase.Application\SystemCase.Application.csproj", "{32BBF5B8-A962-4203-9B74-F46423938300}"
EndProject
Project("{FAE04EC0-301F-11D3-BF4B-00C04F79EFBC}") = "SystemCase.Domain", "SystemCase.Domain\SystemCase.Domain.csproj", "{79EFFEA4-C663-4C57-8613-B4176D9F7808}"
EndProject
Project("{FAE04EC0-301F-11D3-BF4B-00C04F79EFBC}") = "SystemCase.Domain.Core", "SystemCase.Domain.Core\SystemCase.Domain.Core.csproj", "{9C05EF72-D317-4770-971B-B912BC0CA9A8}"
EndProject
Project("{FAE04EC0-301F-11D3-BF4B-00C04F79EFBC}") = "SystemCase.Infrastructure", "SystemCase.Infrastructure\SystemCase.Infrastructure.csproj", "{B0F4E8E3-19CA-4AE7-A174-A1D8ACEED358}"
EndProject
Project("{FAE04EC0-301F-11D3-BF4B-00C04F79EFBC}") = "SystemCase.Api", "SystemCase.Api\SystemCase.Api.csproj", "{1AA980FA-B1F2-4516-A60D-AD2EFED3B873}"
EndProject
Project("{2150E333-8FDC-42A3-9474-1A3956D46DE8}") = "Test", "Test", "{2299C989-4EF0-4DDD-9B86-D4BD7DC620EC}"
EndProject
Project("{FAE04EC0-301F-11D3-BF4B-00C04F79EFBC}") = "SystemCase.Test", "SystemCase.Test\SystemCase.Test.csproj", "{6368D775-D988-4F8E-8840-8AB7EC27F261}"
EndProject
Project("{2150E333-8FDC-42A3-9474-1A3956D46DE8}") = "Notification", "Notification", "{114F66AD-A135-4931-B197-3E3724380F47}"
EndProject
Project("{2150E333-8FDC-42A3-9474-1A3956D46DE8}") = "Shared", "Shared", "{51B9E573-9BE4-40F6-A0AF-30D643554232}"
EndProject
Project("{FAE04EC0-301F-11D3-BF4B-00C04F79EFBC}") = "SystemCase.Shared", "SystemCase.Shared\SystemCase.Shared.csproj", "{9B630D9F-15E8-4BB6-B362-C65A9333B52D}"
EndProject
Project("{2150E333-8FDC-42A3-9474-1A3956D46DE8}") = "Solution Items", "Solution Items", "{20359A64-FCDF-4B76-B00F-F3A9326C804D}"
	ProjectSection(SolutionItems) = preProject
		docker-compose.yml = docker-compose.yml
	EndProjectSection
EndProject
Project("{FAE04EC0-301F-11D3-BF4B-00C04F79EFBC}") = "SystemCase.Notification", "SystemCase.Notification\SystemCase.Notification.csproj", "{54E4E3F2-E66B-4DB9-BD92-D197CB405AF5}"
EndProject
Global
	GlobalSection(SolutionConfigurationPlatforms) = preSolution
		Debug|Any CPU = Debug|Any CPU
		Release|Any CPU = Release|Any CPU
	EndGlobalSection
	GlobalSection(NestedProjects) = preSolution
		{80FE4BEF-B19F-49D9-B2DF-01438970C46C} = {61F331BD-FA3D-4EFC-9283-148A773B46F8}
		{32BBF5B8-A962-4203-9B74-F46423938300} = {80FE4BEF-B19F-49D9-B2DF-01438970C46C}
		{79EFFEA4-C663-4C57-8613-B4176D9F7808} = {80FE4BEF-B19F-49D9-B2DF-01438970C46C}
		{9C05EF72-D317-4770-971B-B912BC0CA9A8} = {80FE4BEF-B19F-49D9-B2DF-01438970C46C}
		{B0F4E8E3-19CA-4AE7-A174-A1D8ACEED358} = {80FE4BEF-B19F-49D9-B2DF-01438970C46C}
		{1AA980FA-B1F2-4516-A60D-AD2EFED3B873} = {80FE4BEF-B19F-49D9-B2DF-01438970C46C}
		{2299C989-4EF0-4DDD-9B86-D4BD7DC620EC} = {61F331BD-FA3D-4EFC-9283-148A773B46F8}
		{6368D775-D988-4F8E-8840-8AB7EC27F261} = {2299C989-4EF0-4DDD-9B86-D4BD7DC620EC}
		{114F66AD-A135-4931-B197-3E3724380F47} = {61F331BD-FA3D-4EFC-9283-148A773B46F8}
		{51B9E573-9BE4-40F6-A0AF-30D643554232} = {61F331BD-FA3D-4EFC-9283-148A773B46F8}
		{9B630D9F-15E8-4BB6-B362-C65A9333B52D} = {51B9E573-9BE4-40F6-A0AF-30D643554232}
		{54E4E3F2-E66B-4DB9-BD92-D197CB405AF5} = {114F66AD-A135-4931-B197-3E3724380F47}
	EndGlobalSection
	GlobalSection(ProjectConfigurationPlatforms) = postSolution
		{32BBF5B8-A962-4203-9B74-F46423938300}.Debug|Any CPU.ActiveCfg = Debug|Any CPU
		{32BBF5B8-A962-4203-9B74-F46423938300}.Debug|Any CPU.Build.0 = Debug|Any CPU
		{32BBF5B8-A962-4203-9B74-F46423938300}.Release|Any CPU.ActiveCfg = Release|Any CPU
		{32BBF5B8-A962-4203-9B74-F46423938300}.Release|Any CPU.Build.0 = Release|Any CPU
		{79EFFEA4-C663-4C57-8613-B4176D9F7808}.Debug|Any CPU.ActiveCfg = Debug|Any CPU
		{79EFFEA4-C663-4C57-8613-B4176D9F7808}.Debug|Any CPU.Build.0 = Debug|Any CPU
		{79EFFEA4-C663-4C57-8613-B4176D9F7808}.Release|Any CPU.ActiveCfg = Release|Any CPU
		{79EFFEA4-C663-4C57-8613-B4176D9F7808}.Release|Any CPU.Build.0 = Release|Any CPU
		{9C05EF72-D317-4770-971B-B912BC0CA9A8}.Debug|Any CPU.ActiveCfg = Debug|Any CPU
		{9C05EF72-D317-4770-971B-B912BC0CA9A8}.Debug|Any CPU.Build.0 = Debug|Any CPU
		{9C05EF72-D317-4770-971B-B912BC0CA9A8}.Release|Any CPU.ActiveCfg = Release|Any CPU
		{9C05EF72-D317-4770-971B-B912BC0CA9A8}.Release|Any CPU.Build.0 = Release|Any CPU
		{B0F4E8E3-19CA-4AE7-A174-A1D8ACEED358}.Debug|Any CPU.ActiveCfg = Debug|Any CPU
		{B0F4E8E3-19CA-4AE7-A174-A1D8ACEED358}.Debug|Any CPU.Build.0 = Debug|Any CPU
		{B0F4E8E3-19CA-4AE7-A174-A1D8ACEED358}.Release|Any CPU.ActiveCfg = Release|Any CPU
		{B0F4E8E3-19CA-4AE7-A174-A1D8ACEED358}.Release|Any CPU.Build.0 = Release|Any CPU
		{1AA980FA-B1F2-4516-A60D-AD2EFED3B873}.Debug|Any CPU.ActiveCfg = Debug|Any CPU
		{1AA980FA-B1F2-4516-A60D-AD2EFED3B873}.Debug|Any CPU.Build.0 = Debug|Any CPU
		{1AA980FA-B1F2-4516-A60D-AD2EFED3B873}.Release|Any CPU.ActiveCfg = Release|Any CPU
		{1AA980FA-B1F2-4516-A60D-AD2EFED3B873}.Release|Any CPU.Build.0 = Release|Any CPU
		{6368D775-D988-4F8E-8840-8AB7EC27F261}.Debug|Any CPU.ActiveCfg = Debug|Any CPU
		{6368D775-D988-4F8E-8840-8AB7EC27F261}.Debug|Any CPU.Build.0 = Debug|Any CPU
		{6368D775-D988-4F8E-8840-8AB7EC27F261}.Release|Any CPU.ActiveCfg = Release|Any CPU
		{6368D775-D988-4F8E-8840-8AB7EC27F261}.Release|Any CPU.Build.0 = Release|Any CPU
		{9B630D9F-15E8-4BB6-B362-C65A9333B52D}.Debug|Any CPU.ActiveCfg = Debug|Any CPU
		{9B630D9F-15E8-4BB6-B362-C65A9333B52D}.Debug|Any CPU.Build.0 = Debug|Any CPU
		{9B630D9F-15E8-4BB6-B362-C65A9333B52D}.Release|Any CPU.ActiveCfg = Release|Any CPU
		{9B630D9F-15E8-4BB6-B362-C65A9333B52D}.Release|Any CPU.Build.0 = Release|Any CPU
		{54E4E3F2-E66B-4DB9-BD92-D197CB405AF5}.Debug|Any CPU.ActiveCfg = Debug|Any CPU
		{54E4E3F2-E66B-4DB9-BD92-D197CB405AF5}.Debug|Any CPU.Build.0 = Debug|Any CPU
		{54E4E3F2-E66B-4DB9-BD92-D197CB405AF5}.Release|Any CPU.ActiveCfg = Release|Any CPU
		{54E4E3F2-E66B-4DB9-BD92-D197CB405AF5}.Release|Any CPU.Build.0 = Release|Any CPU
	EndGlobalSection
EndGlobal
